{
  "version": "5",
  "specifiers": {
    "jsr:@std/assert@1.0.19": "1.0.19",
    "jsr:@std/internal@^1.0.12": "1.0.14",
    "npm:@duckdb/node-api@1.5.5-r.4": "1.5.5-r.4",
    "npm:umap-js@1.4.0": "1.4.0"
  },
  "jsr": {
    "@std/assert@1.0.19": {
      "integrity": "eaada96ee120cb980bc47e040f82814d786fe8162ecc53c91d8df60b8755991e",
      "dependencies": [
        "jsr:@std/internal"
      ]
    },
    "@std/internal@1.0.14": {
      "integrity": "291516b3d4c35024d6ffbc0a9df5bf4c64116e05b50012cf846710152d2ffdf7"
    }
  },
  "npm": {
    "@duckdb/node-api@1.5.5-r.4": {
      "integrity": "sha512-8v0CZNo7aM6GQCNUHERGTrZWIfss8xKzZPF3ACNhPdMMrt7UjkNI5nRQ9FTFO7Yx8ghxYxVpdotmBBMQ5vXUOA==",
      "dependencies": [
        "@duckdb/node-bindings"
      ]
    },
    "@duckdb/node-bindings-darwin-arm64@1.5.5-r.4": {
      "integrity": "sha512-4OdO3pkoJzAZDnZ2iyehi67XL4+WqHPCGYWbyAsYyhGJS+WscGrAnFhMhHudMM2XF8pIEM2tuOKMmwWnTNN2wQ==",
      "os": ["darwin"],
      "cpu": ["arm64"]
    },
    "@duckdb/node-bindings-darwin-x64@1.5.5-r.4": {
      "integrity": "sha512-WHg3E+TupdujG31LGujMMcmtPIdW6rqRHeihlKgJR8EMetHycoYkwYxRud0niitJvS+uV0du/6pdemzs3HG9GQ==",
      "os": ["darwin"],
      "cpu": ["x64"]
    },
    "@duckdb/node-bindings-linux-arm64-musl@1.5.5-r.4": {
      "integrity": "sha512-Tswnf+/XWpOcFJNUUu1fkFIX/su4tMcnNz0ZV0Nru3/CkJKIMwBh+VL4SM9YV4zPK90GC4Lm8gzafjc1qDmfyQ==",
      "os": ["linux"],
      "cpu": ["arm64"]
    },
    "@duckdb/node-bindings-linux-arm64@1.5.5-r.4": {
      "integrity": "sha512-VIeHMpYAKpGiWZ4QYsOhODAHDEcXcn089aKty0MFsMEKaEfRJWixKwnwXy/ba2/wwFmnPiSFhKNqygj2BrQbqw==",
      "os": ["linux"],
      "cpu": ["arm64"]
    },
    "@duckdb/node-bindings-linux-x64-musl@1.5.5-r.4": {
      "integrity": "sha512-h0ixrgGHtHh+C/Fu1eAL9hX4iCf8yuyJN6Y24Gh8axXXP8UuSh0rQRAQUQTYarQ8pm2qSG/67ZYjyYYydD+J/w==",
      "os": ["linux"],
      "cpu": ["x64"]
    },
    "@duckdb/node-bindings-linux-x64@1.5.5-r.4": {
      "integrity": "sha512-EY+CL/4h8MQZd9MxTBq+98m3U9osmvHBwhE9b5fMWQGt2I6p1j8fvX0SXiwy9KBfQIbjVUOf5XvGdXncI54KSg==",
      "os": ["linux"],
      "cpu": ["x64"]
    },
    "@duckdb/node-bindings-win32-arm64@1.5.5-r.4": {
      "integrity": "sha512-uorAnySIMwWkRDuUhM1yTDxWIislnX8mndhFIw6r4VKhVW61HEOOMX5oAgkSQFII4RNWpC5PCcUAEhSATgNvVQ==",
      "os": ["win32"],
      "cpu": ["arm64"]
    },
    "@duckdb/node-bindings-win32-x64@1.5.5-r.4": {
      "integrity": "sha512-X9XGcWQ10P3mvUIaMXXk2bi94Cow7b/ziTPMKxJ0U8U3wQPxsLzEUP7D7C/KrBWINl5am2k+5SkDVyA/THUgPg==",
      "os": ["win32"],
      "cpu": ["x64"]
    },
    "@duckdb/node-bindings@1.5.5-r.4": {
      "integrity": "sha512-n+4hEfjp4vny3BuWn5p1Gh5CzHaPRxoI8TzTytxL1GMlIKKrXcg/o6sSAjrsROUXGAM4WQCiWPLKnPsjJJSggg==",
      "dependencies": [
        "detect-libc"
      ],
      "optionalDependencies": [
        "@duckdb/node-bindings-darwin-arm64",
        "@duckdb/node-bindings-darwin-x64",
        "@duckdb/node-bindings-linux-arm64",
        "@duckdb/node-bindings-linux-arm64-musl",
        "@duckdb/node-bindings-linux-x64",
        "@duckdb/node-bindings-linux-x64-musl",
        "@duckdb/node-bindings-win32-arm64",
        "@duckdb/node-bindings-win32-x64"
      ]
    },
    "detect-libc@2.1.2": {
      "integrity": "sha512-Btj2BOOO83o3WyH59e8MgXsxEQVcarkUOpEYrubB0urwnN10yQ364rsiByU11nZlqWYZm05i/of7io4mzihBtQ=="
    },
    "is-any-array@0.1.1": {
      "integrity": "sha512-qTiELO+kpTKqPgxPYbshMERlzaFu29JDnpB8s3bjg+JkxBpw29/qqSaOdKv2pCdaG92rLGeG/zG2GauX58hfoA=="
    },
    "is-any-array@3.0.0": {
      "integrity": "sha512-o4h+tylWykC4BD1vaejp6gDxoM13bwW8FGuNs4yIKpj8xbBJcRxJx8vZpq0dCr7ZDEfeKjmsi/euolKhX6f/ww=="
    },
    "ml-array-max@2.0.0": {
      "integrity": "sha512-QQZ4kENwpWmyNb98UXRDFXrmtIXuXtt1+bSbda/2KA85+F+rrJP8hZk6QOkCQXM2Th9mUDYdq/PNByPdT9ID4A==",
      "dependencies": [
        "is-any-array@3.0.0"
      ]
    },
    "ml-array-min@2.0.0": {
      "integrity": "sha512-GRj6Ky6sW9vGL6yIjgsHmXZ9YgrdmcQ8nCxPqEGeKc6dkfYg1XDYxGFxADUjNuZyoCd5PUscWAS4N+cFaX6hFg==",
      "dependencies": [
        "is-any-array@3.0.0"
      ]
    },
    "ml-array-rescale@2.0.0": {
      "integrity": "sha512-2GGtKfSno94/kIloWGvpp/U5Q5vLvLrza+SAaGsLeo6Xj4mEbA6Gqx+oTfZFkxnd1grT2X007HfJNs3T5BsiVg==",
      "dependencies": [
        "is-any-array@3.0.0",
        "ml-array-max",
        "ml-array-min"
      ]
    },
    "ml-levenberg-marquardt@2.1.1": {
      "integrity": "sha512-2+HwUqew4qFFFYujYlQtmFUrxCB4iJAPqnUYro3P831wj70eJZcANwcRaIMGUVaH9NDKzfYuA4N5u67KExmaRA==",
      "dependencies": [
        "is-any-array@0.1.1",
        "ml-matrix"
      ]
    },
    "ml-matrix@6.15.0": {
      "integrity": "sha512-wFa1v6KP8bKp+fj0nYmRs1Pb5K4zRkXGKsOvLinvILENFIADncm4XlOI+S1M7yuACMGfI6cfk0IifDgd4j5xmw==",
      "dependencies": [
        "is-any-array@3.0.0",
        "ml-array-rescale"
      ]
    },
    "umap-js@1.4.0": {
      "integrity": "sha512-xxpviF9wUO6Nxrx+C58SoDgea+h2PnVaRPKDelWv0HotmY6BeWeh0kAPJoumfqUkzUvowGsYfMbnsWI0b9do+A==",
      "dependencies": [
        "ml-levenberg-marquardt"
      ]
    }
  },
  "workspace": {
    "dependencies": [
      "jsr:@std/assert@1.0.19",
      "npm:@duckdb/node-api@1.5.5-r.4",
      "npm:umap-js@1.4.0"
    ]
  }
}
